
Microsoft Visual Studio Solution File, Format Version 12.00
# Visual Studio 2013
VisualStudioVersion = 12.0.21005.1
MinimumVisualStudioVersion = 10.0.40219.1
Project("{FAE04EC0-301F-11D3-BF4B-00C04F79EFBC}") = "Democracy3LanguageSelector", "Democracy3LanguageSelector\Democracy3LanguageSelector.csproj", "{B4C83746-93D9-4056-9678-4AD3762806F6}"
EndProject
Project("{2150E333-8FDC-42A3-9474-1A3956D46DE8}") = ".nuget", ".nuget", "{35DF5B84-C352-4E0E-8449-582A1C0133AF}"
	ProjectSection(SolutionItems) = preProject
		.nuget\packages.config = .nuget\packages.config
	EndProjectSection
EndProject
Global
	GlobalSection(SolutionConfigurationPlatforms) = preSolution
		Debug|Any CPU = Debug|Any CPU
		Release|Any CPU = Release|Any CPU
	EndGlobalSection
	GlobalSection(ProjectConfigurationPlatforms) = postSolution
		{B4C83746-93D9-4056-9678-4AD3762806F6}.Debug|Any CPU.ActiveCfg = Debug|Any CPU
		{B4C83746-93D9-4056-9678-4AD3762806F6}.Debug|Any CPU.Build.0 = Debug|Any CPU
		{B4C83746-93D9-4056-9678-4AD3762806F6}.Release|Any CPU.ActiveCfg = Release|Any CPU
		{B4C83746-93D9-4056-9678-4AD3762806F6}.Release|Any CPU.Build.0 = Release|Any CPU
	EndGlobalSection
	GlobalSection(SolutionProperties) = preSolution
		HideSolutionNode = FALSE
	EndGlobalSection
EndGlobal
